# THIS IS AN AUTOGENERATED FILE. DO NOT EDIT THIS FILE DIRECTLY.
# yarn lockfile v1


deeks@2.3.0:
  version "2.3.0"
  resolved "https://registry.yarnpkg.com/deeks/-/deeks-2.3.0.tgz#77085a5fb0463fbe8cde4ed2d0e66ecf94f6b34d"
  integrity sha512-mrNI+TSdnK5s2Gal4Fv3/RGcrYGtB4NC3tTXU1hu74tYsG9JS6SzNKLD8doq6UWsglouGwC86kXqB1pdO+9hyA==

doc-path@2.3.0:
  version "2.3.0"
  resolved "https://registry.yarnpkg.com/doc-path/-/doc-path-2.3.0.tgz#dd6321154ab1e33165bf5783a49ee67abcc02491"
  integrity sha512-RMZA8AXl0I78jI9odw0kFzOfQvBcCFLI6/ZtOs9PwogcL4DHc+sCUZQ34fkealJyqErJryYODVBOtO2IzU/CSw==

fs@^0.0.1-security:
  version "0.0.1-security"
  resolved "https://registry.yarnpkg.com/fs/-/fs-0.0.1-security.tgz#8a7bd37186b6dddf3813f23858b57ecaaf5e41d4"
  integrity sha1-invTcYa23d84E/I4WLV+yq9eQdQ=

json-2-csv@^3.10.2:
  version "3.10.2"
  resolved "https://registry.yarnpkg.com/json-2-csv/-/json-2-csv-3.10.2.tgz#6e58e29187cb592ef43200aa83955134dcac9ae9"
  integrity sha512-ebRs6nAM2OcDw9g9hZ3F0DKkUTTy9DnyduF3mWLF0XEImv/Du3GGgyOWBpoqWuZjCWstQvPOKl50Ts/GhfSZOA==
  dependencies:
    deeks "2.3.0"
    doc-path "2.3.0"

node-fetch@^2.6.1:
  version "2.6.1"
  resolved "https://registry.yarnpkg.com/node-fetch/-/node-fetch-2.6.1.tgz#045bd323631f76ed2e2b55573394416b639a0052"
  integrity sha512-V4aYg89jEoVRxRb2fJdAg8FHvI7cEyYdVAh94HH0UIK8oJxUfkjlDQN9RbMx+bEjP7+ggMiFRprSti032Oipxw==
